
Microsoft Visual Studio Solution File, Format Version 12.00
# Visual Studio 2013
VisualStudioVersion = 12.0.40629.0
MinimumVisualStudioVersion = 10.0.40219.1
Project("{8BC9CEB8-8B4A-11D0-8D11-00A0C91BC942}") = "acer", "acer\acer.vcxproj", "{43B220F0-9D6C-43E8-B008-8B4D73A0E267}"
EndProject
Project("{8BC9CEB8-8B4A-11D0-8D11-00A0C91BC942}") = "asus", "asus\asus.vcxproj", "{B1BAA321-49A2-4FD6-8661-E53B8865B171}"
EndProject
Project("{2150E333-8FDC-42A3-9474-1A3956D46DE8}") = "Solution Items", "Solution Items", "{30E06543-FF88-47A3-8ECE-B2DCA2FB3781}"
	ProjectSection(SolutionItems) = preProject
		README.md = README.md
	EndProjectSection
EndProject
Project("{8BC9CEB8-8B4A-11D0-8D11-00A0C91BC942}") = "sony", "sony\sony.vcxproj", "{8BDE1F2C-3713-4EF0-8D14-D4A4208F838A}"
EndProject
Project("{8BC9CEB8-8B4A-11D0-8D11-00A0C91BC942}") = "alienware", "alienware\alienware.vcxproj", "{8732FCE3-4DEF-4B2B-89FB-9627474B6168}"
EndProject
Project("{8BC9CEB8-8B4A-11D0-8D11-00A0C91BC942}") = "gigabyte", "gigabyte\gigabyte.vcxproj", "{29D49353-9B44-4714-A763-634E21B363EF}"
EndProject
Project("{8BC9CEB8-8B4A-11D0-8D11-00A0C91BC942}") = "HP", "HP\HP.vcxproj", "{9C4240A2-8804-4D79-A061-2B6EBAB3126D}"
EndProject
Global
	GlobalSection(SolutionConfigurationPlatforms) = preSolution
		Debug|Win32 = Debug|Win32
		Release|Win32 = Release|Win32
	EndGlobalSection
	GlobalSection(ProjectConfigurationPlatforms) = postSolution
		{43B220F0-9D6C-43E8-B008-8B4D73A0E267}.Debug|Win32.ActiveCfg = Debug|Win32
		{43B220F0-9D6C-43E8-B008-8B4D73A0E267}.Debug|Win32.Build.0 = Debug|Win32
		{43B220F0-9D6C-43E8-B008-8B4D73A0E267}.Release|Win32.ActiveCfg = Release|Win32
		{43B220F0-9D6C-43E8-B008-8B4D73A0E267}.Release|Win32.Build.0 = Release|Win32
		{B1BAA321-49A2-4FD6-8661-E53B8865B171}.Debug|Win32.ActiveCfg = Debug|Win32
		{B1BAA321-49A2-4FD6-8661-E53B8865B171}.Debug|Win32.Build.0 = Debug|Win32
		{B1BAA321-49A2-4FD6-8661-E53B8865B171}.Release|Win32.ActiveCfg = Release|Win32
		{B1BAA321-49A2-4FD6-8661-E53B8865B171}.Release|Win32.Build.0 = Release|Win32
		{8BDE1F2C-3713-4EF0-8D14-D4A4208F838A}.Debug|Win32.ActiveCfg = Debug|Win32
		{8BDE1F2C-3713-4EF0-8D14-D4A4208F838A}.Debug|Win32.Build.0 = Debug|Win32
		{8BDE1F2C-3713-4EF0-8D14-D4A4208F838A}.Release|Win32.ActiveCfg = Release|Win32
		{8BDE1F2C-3713-4EF0-8D14-D4A4208F838A}.Release|Win32.Build.0 = Release|Win32
		{8732FCE3-4DEF-4B2B-89FB-9627474B6168}.Debug|Win32.ActiveCfg = Debug|Win32
		{8732FCE3-4DEF-4B2B-89FB-9627474B6168}.Debug|Win32.Build.0 = Debug|Win32
		{8732FCE3-4DEF-4B2B-89FB-9627474B6168}.Release|Win32.ActiveCfg = Release|Win32
		{8732FCE3-4DEF-4B2B-89FB-9627474B6168}.Release|Win32.Build.0 = Release|Win32
		{29D49353-9B44-4714-A763-634E21B363EF}.Debug|Win32.ActiveCfg = Debug|Win32
		{29D49353-9B44-4714-A763-634E21B363EF}.Debug|Win32.Build.0 = Debug|Win32
		{29D49353-9B44-4714-A763-634E21B363EF}.Release|Win32.ActiveCfg = Release|Win32
		{29D49353-9B44-4714-A763-634E21B363EF}.Release|Win32.Build.0 = Release|Win32
		{9C4240A2-8804-4D79-A061-2B6EBAB3126D}.Debug|Win32.ActiveCfg = Debug|Win32
		{9C4240A2-8804-4D79-A061-2B6EBAB3126D}.Debug|Win32.Build.0 = Debug|Win32
		{9C4240A2-8804-4D79-A061-2B6EBAB3126D}.Release|Win32.ActiveCfg = Release|Win32
		{9C4240A2-8804-4D79-A061-2B6EBAB3126D}.Release|Win32.Build.0 = Release|Win32
	EndGlobalSection
	GlobalSection(SolutionProperties) = preSolution
		HideSolutionNode = FALSE
	EndGlobalSection
EndGlobal
